{
   "name": "hiphop",
   "version": "1.3.0",
   "lockfileVersion": 3,
   "requires": true,
   "packages": {
      "": {
         "name": "hiphop",
         "version": "1.3.0",
         "license": "GPL-3.0-or-later",
         "os": [
            "darwin",
            "linux"
         ],
         "bin": {
            "hhc": "bin/hhc.sh"
         },
         "engines": {
            "hop": ">=3.4.0",
            "node": ">=18.13.0"
         }
      }
   }
}
