{
   "name": "hiphop.js",
   "version": "0.1",
   "lockfileVersion": 1,
   "requires": true,
   "dependencies": {
      "source-map": {
         "version": "0.7.2",
         "resolved": "https://registry.npmjs.org/source-map/-/source-map-0.7.2.tgz",
         "integrity": "sha512-NDJB/R2BS7YJG0tP9SbE4DKwKj1idLT5RJqfVYZ7dreFX7wulZT3xxVhbYKrQo9n0JkRptl51TrX/5VK3HodMA=="
      }
   }
}
